
Microsoft Visual Studio Solution File, Format Version 12.00
# Visual Studio Version 17
VisualStudioVersion = 17.8.34408.163
MinimumVisualStudioVersion = 10.0.40219.1
Project("{FAE04EC0-301F-11D3-BF4B-00C04F79EFBC}") = "Tick-Tack-Toe2-12", "Tick-Tack-Toe2-12.csproj", "{AFC280D8-05C3-423B-8B82-BCE2F8C25282}"
EndProject
Global
	GlobalSection(SolutionConfigurationPlatforms) = preSolution
		Debug|Any CPU = Debug|Any CPU
		Release|Any CPU = Release|Any CPU
	EndGlobalSection
	GlobalSection(ProjectConfigurationPlatforms) = postSolution
		{AFC280D8-05C3-423B-8B82-BCE2F8C25282}.Debug|Any CPU.ActiveCfg = Debug|Any CPU
		{AFC280D8-05C3-423B-8B82-BCE2F8C25282}.Debug|Any CPU.Build.0 = Debug|Any CPU
		{AFC280D8-05C3-423B-8B82-BCE2F8C25282}.Release|Any CPU.ActiveCfg = Release|Any CPU
		{AFC280D8-05C3-423B-8B82-BCE2F8C25282}.Release|Any CPU.Build.0 = Release|Any CPU
	EndGlobalSection
	GlobalSection(SolutionProperties) = preSolution
		HideSolutionNode = FALSE
	EndGlobalSection
	GlobalSection(ExtensibilityGlobals) = postSolution
		SolutionGuid = {4C87CEAC-87B3-48CE-8AAA-54FE633DC767}
	EndGlobalSection
EndGlobal
